
Microsoft Visual Studio Solution File, Format Version 12.00
# Visual Studio Version 17
VisualStudioVersion = 17.4.33213.308
MinimumVisualStudioVersion = 10.0.40219.1
Project("{FAE04EC0-301F-11D3-BF4B-00C04F79EFBC}") = "GitTestRBA", "GitTestRBA.csproj", "{BBDBE92E-C3D5-43F5-9D2D-8E64C3874E73}"
EndProject
Global
	GlobalSection(SolutionConfigurationPlatforms) = preSolution
		Debug|Any CPU = Debug|Any CPU
		Release|Any CPU = Release|Any CPU
	EndGlobalSection
	GlobalSection(ProjectConfigurationPlatforms) = postSolution
		{BBDBE92E-C3D5-43F5-9D2D-8E64C3874E73}.Debug|Any CPU.ActiveCfg = Debug|Any CPU
		{BBDBE92E-C3D5-43F5-9D2D-8E64C3874E73}.Debug|Any CPU.Build.0 = Debug|Any CPU
		{BBDBE92E-C3D5-43F5-9D2D-8E64C3874E73}.Release|Any CPU.ActiveCfg = Release|Any CPU
		{BBDBE92E-C3D5-43F5-9D2D-8E64C3874E73}.Release|Any CPU.Build.0 = Release|Any CPU
	EndGlobalSection
	GlobalSection(SolutionProperties) = preSolution
		HideSolutionNode = FALSE
	EndGlobalSection
	GlobalSection(ExtensibilityGlobals) = postSolution
		SolutionGuid = {F6E62DCE-30E0-4C9A-8C45-F6D1A8C859C0}
	EndGlobalSection
EndGlobal
